
Microsoft Visual Studio Solution File, Format Version 12.00
# Visual Studio 15
VisualStudioVersion = 15.0.28010.2026
MinimumVisualStudioVersion = 10.0.40219.1
Project("{FAE04EC0-301F-11D3-BF4B-00C04F79EFBC}") = "Sklep", "Sklep\Sklep.csproj", "{F56A074C-F615-4AA6-8BFF-3579E816B1E2}"
EndProject
Global
	GlobalSection(SolutionConfigurationPlatforms) = preSolution
		Debug|Any CPU = Debug|Any CPU
		Release|Any CPU = Release|Any CPU
	EndGlobalSection
	GlobalSection(ProjectConfigurationPlatforms) = postSolution
		{F56A074C-F615-4AA6-8BFF-3579E816B1E2}.Debug|Any CPU.ActiveCfg = Debug|Any CPU
		{F56A074C-F615-4AA6-8BFF-3579E816B1E2}.Debug|Any CPU.Build.0 = Debug|Any CPU
		{F56A074C-F615-4AA6-8BFF-3579E816B1E2}.Release|Any CPU.ActiveCfg = Release|Any CPU
		{F56A074C-F615-4AA6-8BFF-3579E816B1E2}.Release|Any CPU.Build.0 = Release|Any CPU
	EndGlobalSection
	GlobalSection(SolutionProperties) = preSolution
		HideSolutionNode = FALSE
	EndGlobalSection
	GlobalSection(ExtensibilityGlobals) = postSolution
		SolutionGuid = {FC381C3A-607F-4C47-A5CF-8B4F5BA84BE9}
	EndGlobalSection
EndGlobal
